// !$*UTF8*$!
{
	archiveVersion = 1;
	classes = {
	};
	objectVersion = 50;
	objects = {

/* Begin PBXBuildFile section */
		3047551B2509883C0051E40C /* GoogleService-Info.plist in Resources */ = {isa = PBXBuildFile; fileRef = 3047551A2509883B0051E40C /* GoogleService-Info.plist */; };
		30AA5A29250947A100DBCD81 /* GreetingViewController.swift in Sources */ = {isa = PBXBuildFile; fileRef = 30AA5A28250947A100DBCD81 /* GreetingViewController.swift */; };
		30AA5A2E2509485F00DBCD81 /* RegisterViewController.swift in Sources */ = {isa = PBXBuildFile; fileRef = 30AA5A2D2509485F00DBCD81 /* RegisterViewController.swift */; };
		30AA5A302509489300DBCD81 /* LoginViewController.swift in Sources */ = {isa = PBXBuildFile; fileRef = 30AA5A2F2509489300DBCD81 /* LoginViewController.swift */; };
		30AA5A32250948A000DBCD81 /* ChatViewController.swift in Sources */ = {isa = PBXBuildFile; fileRef = 30AA5A31250948A000DBCD81 /* ChatViewController.swift */; };
		30DA053525093C37004682FB /* AppDelegate.swift in Sources */ = {isa = PBXBuildFile; fileRef = 30DA053425093C37004682FB /* AppDelegate.swift */; };
		30DA053725093C37004682FB /* SceneDelegate.swift in Sources */ = {isa = PBXBuildFile; fileRef = 30DA053625093C37004682FB /* SceneDelegate.swift */; };
		30DA053C25093C37004682FB /* Main.storyboard in Resources */ = {isa = PBXBuildFile; fileRef = 30DA053A25093C37004682FB /* Main.storyboard */; };
		30DA053E25093C3A004682FB /* Assets.xcassets in Resources */ = {isa = PBXBuildFile; fileRef = 30DA053D25093C3A004682FB /* Assets.xcassets */; };
		30DA054125093C3A004682FB /* LaunchScreen.storyboard in Resources */ = {isa = PBXBuildFile; fileRef = 30DA053F25093C3A004682FB /* LaunchScreen.storyboard */; };
		3980039D16F3FEB2257AB3DE /* Pods_ConsciousChat.framework in Frameworks */ = {isa = PBXBuildFile; fileRef = 1736FC2D42846DB246B974A7 /* Pods_ConsciousChat.framework */; };
/* End PBXBuildFile section */

/* Begin PBXFileReference section */
		1736FC2D42846DB246B974A7 /* Pods_ConsciousChat.framework */ = {isa = PBXFileReference; explicitFileType = wrapper.framework; includeInIndex = 0; path = Pods_ConsciousChat.framework; sourceTree = BUILT_PRODUCTS_DIR; };
		3047551A2509883B0051E40C /* GoogleService-Info.plist */ = {isa = PBXFileReference; fileEncoding = 4; lastKnownFileType = text.plist.xml; path = "GoogleService-Info.plist"; sourceTree = "<group>"; };
		30AA5A28250947A100DBCD81 /* GreetingViewController.swift */ = {isa = PBXFileReference; lastKnownFileType = sourcecode.swift; path = GreetingViewController.swift; sourceTree = "<group>"; };
		30AA5A2D2509485F00DBCD81 /* RegisterViewController.swift */ = {isa = PBXFileReference; lastKnownFileType = sourcecode.swift; path = RegisterViewController.swift; sourceTree = "<group>"; };
		30AA5A2F2509489300DBCD81 /* LoginViewController.swift */ = {isa = PBXFileReference; lastKnownFileType = sourcecode.swift; path = LoginViewController.swift; sourceTree = "<group>"; };
		30AA5A31250948A000DBCD81 /* ChatViewController.swift */ = {isa = PBXFileReference; lastKnownFileType = sourcecode.swift; path = ChatViewController.swift; sourceTree = "<group>"; };
		30DA053125093C37004682FB /* ConsciousChat.app */ = {isa = PBXFileReference; explicitFileType = wrapper.application; includeInIndex = 0; path = ConsciousChat.app; sourceTree = BUILT_PRODUCTS_DIR; };
		30DA053425093C37004682FB /* AppDelegate.swift */ = {isa = PBXFileReference; lastKnownFileType = sourcecode.swift; path = AppDelegate.swift; sourceTree = "<group>"; };
		30DA053625093C37004682FB /* SceneDelegate.swift */ = {isa = PBXFileReference; lastKnownFileType = sourcecode.swift; path = SceneDelegate.swift; sourceTree = "<group>"; };
		30DA053B25093C37004682FB /* Base */ = {isa = PBXFileReference; lastKnownFileType = file.storyboard; name = Base; path = Base.lproj/Main.storyboard; sourceTree = "<group>"; };
		30DA053D25093C3A004682FB /* Assets.xcassets */ = {isa = PBXFileReference; lastKnownFileType = folder.assetcatalog; path = Assets.xcassets; sourceTree = "<group>"; };
		30DA054025093C3A004682FB /* Base */ = {isa = PBXFileReference; lastKnownFileType = file.storyboard; name = Base; path = Base.lproj/LaunchScreen.storyboard; sourceTree = "<group>"; };
		30DA054225093C3A004682FB /* Info.plist */ = {isa = PBXFileReference; lastKnownFileType = text.plist.xml; path = Info.plist; sourceTree = "<group>"; };
		4657F29B34FF929997AC8AD1 /* Pods-ConsciousChat.release.xcconfig */ = {isa = PBXFileReference; includeInIndex = 1; lastKnownFileType = text.xcconfig; name = "Pods-ConsciousChat.release.xcconfig"; path = "Target Support Files/Pods-ConsciousChat/Pods-ConsciousChat.release.xcconfig"; sourceTree = "<group>"; };
		6ECDDA92B4CB8025FBE086F1 /* Pods-ConsciousChat.debug.xcconfig */ = {isa = PBXFileReference; includeInIndex = 1; lastKnownFileType = text.xcconfig; name = "Pods-ConsciousChat.debug.xcconfig"; path = "Target Support Files/Pods-ConsciousChat/Pods-ConsciousChat.debug.xcconfig"; sourceTree = "<group>"; };
/* End PBXFileReference section */

/* Begin PBXFrameworksBuildPhase section */
		30DA052E25093C37004682FB /* Frameworks */ = {
			isa = PBXFrameworksBuildPhase;
			buildActionMask = 2147483647;
			files = (
				3980039D16F3FEB2257AB3DE /* Pods_ConsciousChat.framework in Frameworks */,
			);
			runOnlyForDeploymentPostprocessing = 0;
		};
/* End PBXFrameworksBuildPhase section */

/* Begin PBXGroup section */
		30AA5A2C250947DE00DBCD81 /* Views */ = {
			isa = PBXGroup;
			children = (
				30AA5A28250947A100DBCD81 /* GreetingViewController.swift */,
				30AA5A2D2509485F00DBCD81 /* RegisterViewController.swift */,
				30AA5A2F2509489300DBCD81 /* LoginViewController.swift */,
				30AA5A31250948A000DBCD81 /* ChatViewController.swift */,
			);
			path = Views;
			sourceTree = "<group>";
		};
		30DA052825093C37004682FB = {
			isa = PBXGroup;
			children = (
				30DA053325093C37004682FB /* ConsciousChat */,
				30DA053225093C37004682FB /* Products */,
				AEBA8E3A73637A491D696DA0 /* Pods */,
				B9D6425EA3CAD9CAECC540EC /* Frameworks */,
			);
			sourceTree = "<group>";
		};
		30DA053225093C37004682FB /* Products */ = {
			isa = PBXGroup;
			children = (
				30DA053125093C37004682FB /* ConsciousChat.app */,
			);
			name = Products;
			sourceTree = "<group>";
		};
		30DA053325093C37004682FB /* ConsciousChat */ = {
			isa = PBXGroup;
			children = (
				30DA053425093C37004682FB /* AppDelegate.swift */,
				30DA053625093C37004682FB /* SceneDelegate.swift */,
				30AA5A2C250947DE00DBCD81 /* Views */,
				30DA053A25093C37004682FB /* Main.storyboard */,
				30DA053D25093C3A004682FB /* Assets.xcassets */,
				30DA053F25093C3A004682FB /* LaunchScreen.storyboard */,
				3047551A2509883B0051E40C /* GoogleService-Info.plist */,
				30DA054225093C3A004682FB /* Info.plist */,
			);
			path = ConsciousChat;
			sourceTree = "<group>";
		};
		AEBA8E3A73637A491D696DA0 /* Pods */ = {
			isa = PBXGroup;
			children = (
				6ECDDA92B4CB8025FBE086F1 /* Pods-ConsciousChat.debug.xcconfig */,
				4657F29B34FF929997AC8AD1 /* Pods-ConsciousChat.release.xcconfig */,
			);
			path = Pods;
			sourceTree = "<group>";
		};
		B9D6425EA3CAD9CAECC540EC /* Frameworks */ = {
			isa = PBXGroup;
			children = (
				1736FC2D42846DB246B974A7 /* Pods_ConsciousChat.framework */,
			);
			name = Frameworks;
			sourceTree = "<group>";
		};
/* End PBXGroup section */

/* Begin PBXNativeTarget section */
		30DA053025093C37004682FB /* ConsciousChat */ = {
			isa = PBXNativeTarget;
			buildConfigurationList = 30DA054525093C3A004682FB /* Build configuration list for PBXNativeTarget "ConsciousChat" */;
			buildPhases = (
				A12620912A4D3DA043A229FC /* [CP] Check Pods Manifest.lock */,
				30DA052D25093C37004682FB /* Sources */,
				30DA052E25093C37004682FB /* Frameworks */,
				30DA052F25093C37004682FB /* Resources */,
				8B1A2405384440E58A93E688 /* [CP] Embed Pods Frameworks */,
			);
			buildRules = (
			);
			dependencies = (
			);
			name = ConsciousChat;
			productName = ConsciousChat;
			productReference = 30DA053125093C37004682FB /* ConsciousChat.app */;
			productType = "com.apple.product-type.application";
		};
/* End PBXNativeTarget section */

/* Begin PBXProject section */
		30DA052925093C37004682FB /* Project object */ = {
			isa = PBXProject;
			attributes = {
				LastSwiftUpdateCheck = 1170;
				LastUpgradeCheck = 1170;
				ORGANIZATIONNAME = "People Like Us LLC";
				TargetAttributes = {
					30DA053025093C37004682FB = {
						CreatedOnToolsVersion = 11.7;
					};
				};
			};
			buildConfigurationList = 30DA052C25093C37004682FB /* Build configuration list for PBXProject "ConsciousChat" */;
			compatibilityVersion = "Xcode 9.3";
			developmentRegion = en;
			hasScannedForEncodings = 0;
			knownRegions = (
				en,
				Base,
			);
			mainGroup = 30DA052825093C37004682FB;
			productRefGroup = 30DA053225093C37004682FB /* Products */;
			projectDirPath = "";
			projectRoot = "";
			targets = (
				30DA053025093C37004682FB /* ConsciousChat */,
			);
		};
/* End PBXProject section */

/* Begin PBXResourcesBuildPhase section */
		30DA052F25093C37004682FB /* Resources */ = {
			isa = PBXResourcesBuildPhase;
			buildActionMask = 2147483647;
			files = (
				30DA054125093C3A004682FB /* LaunchScreen.storyboard in Resources */,
				3047551B2509883C0051E40C /* GoogleService-Info.plist in Resources */,
				30DA053E25093C3A004682FB /* Assets.xcassets in Resources */,
				30DA053C25093C37004682FB /* Main.storyboard in Resources */,
			);
			runOnlyForDeploymentPostprocessing = 0;
		};
/* End PBXResourcesBuildPhase section */

/* Begin PBXShellScriptBuildPhase section */
		8B1A2405384440E58A93E688 /* [CP] Embed Pods Frameworks */ = {
			isa = PBXShellScriptBuildPhase;
			buildActionMask = 2147483647;
			files = (
			);
			inputFileListPaths = (
				"${PODS_ROOT}/Target Support Files/Pods-ConsciousChat/Pods-ConsciousChat-frameworks-${CONFIGURATION}-input-files.xcfilelist",
			);
			name = "[CP] Embed Pods Frameworks";
			outputFileListPaths = (
				"${PODS_ROOT}/Target Support Files/Pods-ConsciousChat/Pods-ConsciousChat-frameworks-${CONFIGURATION}-output-files.xcfilelist",
			);
			runOnlyForDeploymentPostprocessing = 0;
			shellPath = /bin/sh;
			shellScript = "\"${PODS_ROOT}/Target Support Files/Pods-ConsciousChat/Pods-ConsciousChat-frameworks.sh\"\n";
			showEnvVarsInLog = 0;
		};
		A12620912A4D3DA043A229FC /* [CP] Check Pods Manifest.lock */ = {
			isa = PBXShellScriptBuildPhase;
			buildActionMask = 2147483647;
			files = (
			);
			inputFileListPaths = (
			);
			inputPaths = (
				"${PODS_PODFILE_DIR_PATH}/Podfile.lock",
				"${PODS_ROOT}/Manifest.lock",
			);
			name = "[CP] Check Pods Manifest.lock";
			outputFileListPaths = (
			);
			outputPaths = (
				"$(DERIVED_FILE_DIR)/Pods-ConsciousChat-checkManifestLockResult.txt",
			);
			runOnlyForDeploymentPostprocessing = 0;
			shellPath = /bin/sh;
			shellScript = "diff \"${PODS_PODFILE_DIR_PATH}/Podfile.lock\" \"${PODS_ROOT}/Manifest.lock\" > /dev/null\nif [ $? != 0 ] ; then\n    # print error to STDERR\n    echo \"error: The sandbox is not in sync with the Podfile.lock. Run 'pod install' or update your CocoaPods installation.\" >&2\n    exit 1\nfi\n# This output is used by Xcode 'outputs' to avoid re-running this script phase.\necho \"SUCCESS\" > \"${SCRIPT_OUTPUT_FILE_0}\"\n";
			showEnvVarsInLog = 0;
		};
/* End PBXShellScriptBuildPhase section */

/* Begin PBXSourcesBuildPhase section */
		30DA052D25093C37004682FB /* Sources */ = {
			isa = PBXSourcesBuildPhase;
			buildActionMask = 2147483647;
			files = (
				30DA053525093C37004682FB /* AppDelegate.swift in Sources */,
				30DA053725093C37004682FB /* SceneDelegate.swift in Sources */,
				30AA5A29250947A100DBCD81 /* GreetingViewController.swift in Sources */,
				30AA5A302509489300DBCD81 /* LoginViewController.swift in Sources */,
				30AA5A32250948A000DBCD81 /* ChatViewController.swift in Sources */,
				30AA5A2E2509485F00DBCD81 /* RegisterViewController.swift in Sources */,
			);
			runOnlyForDeploymentPostprocessing = 0;
		};
/* End PBXSourcesBuildPhase section */

/* Begin PBXVariantGroup section */
		30DA053A25093C37004682FB /* Main.storyboard */ = {
			isa = PBXVariantGroup;
			children = (
				30DA053B25093C37004682FB /* Base */,
			);
			name = Main.storyboard;
			sourceTree = "<group>";
		};
		30DA053F25093C3A004682FB /* LaunchScreen.storyboard */ = {
			isa = PBXVariantGroup;
			children = (
				30DA054025093C3A004682FB /* Base */,
			);
			name = LaunchScreen.storyboard;
			sourceTree = "<group>";
		};
/* End PBXVariantGroup section */

/* Begin XCBuildConfiguration section */
		30DA054325093C3A004682FB /* Debug */ = {
			isa = XCBuildConfiguration;
			buildSettings = {
				ALWAYS_SEARCH_USER_PATHS = NO;
				CLANG_ANALYZER_NONNULL = YES;
				CLANG_ANALYZER_NUMBER_OBJECT_CONVERSION = YES_AGGRESSIVE;
				CLANG_CXX_LANGUAGE_STANDARD = "gnu++14";
				CLANG_CXX_LIBRARY = "libc++";
				CLANG_ENABLE_MODULES = YES;
				CLANG_ENABLE_OBJC_ARC = YES;
				CLANG_ENABLE_OBJC_WEAK = YES;
				CLANG_WARN_BLOCK_CAPTURE_AUTORELEASING = YES;
				CLANG_WARN_BOOL_CONVERSION = YES;
				CLANG_WARN_COMMA = YES;
				CLANG_WARN_CONSTANT_CONVERSION = YES;
				CLANG_WARN_DEPRECATED_OBJC_IMPLEMENTATIONS = YES;
				CLANG_WARN_DIRECT_OBJC_ISA_USAGE = YES_ERROR;
				CLANG_WARN_DOCUMENTATION_COMMENTS = YES;
				CLANG_WARN_EMPTY_BODY = YES;
				CLANG_WARN_ENUM_CONVERSION = YES;
				CLANG_WARN_INFINITE_RECURSION = YES;
				CLANG_WARN_INT_CONVERSION = YES;
				CLANG_WARN_NON_LITERAL_NULL_CONVERSION = YES;
				CLANG_WARN_OBJC_IMPLICIT_RETAIN_SELF = YES;
				CLANG_WARN_OBJC_LITERAL_CONVERSION = YES;
				CLANG_WARN_OBJC_ROOT_CLASS = YES_ERROR;
				CLANG_WARN_RANGE_LOOP_ANALYSIS = YES;
				CLANG_WARN_STRICT_PROTOTYPES = YES;
				CLANG_WARN_SUSPICIOUS_MOVE = YES;
				CLANG_WARN_UNGUARDED_AVAILABILITY = YES_AGGRESSIVE;
				CLANG_WARN_UNREACHABLE_CODE = YES;
				CLANG_WARN__DUPLICATE_METHOD_MATCH = YES;
				COPY_PHASE_STRIP = NO;
				DEBUG_INFORMATION_FORMAT = dwarf;
				ENABLE_STRICT_OBJC_MSGSEND = YES;
				ENABLE_TESTABILITY = YES;
				GCC_C_LANGUAGE_STANDARD = gnu11;
				GCC_DYNAMIC_NO_PIC = NO;
				GCC_NO_COMMON_BLOCKS = YES;
				GCC_OPTIMIZATION_LEVEL = 0;
				GCC_PREPROCESSOR_DEFINITIONS = (
					"DEBUG=1",
					"$(inherited)",
				);
				GCC_WARN_64_TO_32_BIT_CONVERSION = YES;
				GCC_WARN_ABOUT_RETURN_TYPE = YES_ERROR;
				GCC_WARN_UNDECLARED_SELECTOR = YES;
				GCC_WARN_UNINITIALIZED_AUTOS = YES_AGGRESSIVE;
				GCC_WARN_UNUSED_FUNCTION = YES;
				GCC_WARN_UNUSED_VARIABLE = YES;
				IPHONEOS_DEPLOYMENT_TARGET = 13.7;
				MTL_ENABLE_DEBUG_INFO = INCLUDE_SOURCE;
				MTL_FAST_MATH = YES;
				ONLY_ACTIVE_ARCH = YES;
				SDKROOT = iphoneos;
				SWIFT_ACTIVE_COMPILATION_CONDITIONS = DEBUG;
				SWIFT_OPTIMIZATION_LEVEL = "-Onone";
			};
			name = Debug;
		};
		30DA054425093C3A004682FB /* Release */ = {
			isa = XCBuildConfiguration;
			buildSettings = {
				ALWAYS_SEARCH_USER_PATHS = NO;
				CLANG_ANALYZER_NONNULL = YES;
				CLANG_ANALYZER_NUMBER_OBJECT_CONVERSION = YES_AGGRESSIVE;
				CLANG_CXX_LANGUAGE_STANDARD = "gnu++14";
				CLANG_CXX_LIBRARY = "libc++";
				CLANG_ENABLE_MODULES = YES;
				CLANG_ENABLE_OBJC_ARC = YES;
				CLANG_ENABLE_OBJC_WEAK = YES;
				CLANG_WARN_BLOCK_CAPTURE_AUTORELEASING = YES;
				CLANG_WARN_BOOL_CONVERSION = YES;
				CLANG_WARN_COMMA = YES;
				CLANG_WARN_CONSTANT_CONVERSION = YES;
				CLANG_WARN_DEPRECATED_OBJC_IMPLEMENTATIONS = YES;
				CLANG_WARN_DIRECT_OBJC_ISA_USAGE = YES_ERROR;
				CLANG_WARN_DOCUMENTATION_COMMENTS = YES;
				CLANG_WARN_EMPTY_BODY = YES;
				CLANG_WARN_ENUM_CONVERSION = YES;
				CLANG_WARN_INFINITE_RECURSION = YES;
				CLANG_WARN_INT_CONVERSION = YES;
				CLANG_WARN_NON_LITERAL_NULL_CONVERSION = YES;
				CLANG_WARN_OBJC_IMPLICIT_RETAIN_SELF = YES;
				CLANG_WARN_OBJC_LITERAL_CONVERSION = YES;
				CLANG_WARN_OBJC_ROOT_CLASS = YES_ERROR;
				CLANG_WARN_RANGE_LOOP_ANALYSIS = YES;
				CLANG_WARN_STRICT_PROTOTYPES = YES;
				CLANG_WARN_SUSPICIOUS_MOVE = YES;
				CLANG_WARN_UNGUARDED_AVAILABILITY = YES_AGGRESSIVE;
				CLANG_WARN_UNREACHABLE_CODE = YES;
				CLANG_WARN__DUPLICATE_METHOD_MATCH = YES;
				COPY_PHASE_STRIP = NO;
				DEBUG_INFORMATION_FORMAT = "dwarf-with-dsym";
				ENABLE_NS_ASSERTIONS = NO;
				ENABLE_STRICT_OBJC_MSGSEND = YES;
				GCC_C_LANGUAGE_STANDARD = gnu11;
				GCC_NO_COMMON_BLOCKS = YES;
				GCC_WARN_64_TO_32_BIT_CONVERSION = YES;
				GCC_WARN_ABOUT_RETURN_TYPE = YES_ERROR;
				GCC_WARN_UNDECLARED_SELECTOR = YES;
				GCC_WARN_UNINITIALIZED_AUTOS = YES_AGGRESSIVE;
				GCC_WARN_UNUSED_FUNCTION = YES;
				GCC_WARN_UNUSED_VARIABLE = YES;
				IPHONEOS_DEPLOYMENT_TARGET = 13.7;
				MTL_ENABLE_DEBUG_INFO = NO;
				MTL_FAST_MATH = YES;
				SDKROOT = iphoneos;
				SWIFT_COMPILATION_MODE = wholemodule;
				SWIFT_OPTIMIZATION_LEVEL = "-O";
				VALIDATE_PRODUCT = YES;
			};
			name = Release;
		};
		30DA054625093C3A004682FB /* Debug */ = {
			isa = XCBuildConfiguration;
			baseConfigurationReference = 6ECDDA92B4CB8025FBE086F1 /* Pods-ConsciousChat.debug.xcconfig */;
			buildSettings = {
				ASSETCATALOG_COMPILER_APPICON_NAME = AppIcon;
				CODE_SIGN_STYLE = Automatic;
				DEVELOPMENT_TEAM = HX59R66NCZ;
				INFOPLIST_FILE = ConsciousChat/Info.plist;
				LD_RUNPATH_SEARCH_PATHS = (
					"$(inherited)",
					"@executable_path/Frameworks",
				);
				PRODUCT_BUNDLE_IDENTIFIER = com.expresstacy.ConsciousChat;
				PRODUCT_NAME = "$(TARGET_NAME)";
				SWIFT_VERSION = 5.0;
				TARGETED_DEVICE_FAMILY = "1,2";
			};
			name = Debug;
		};
		30DA054725093C3A004682FB /* Release */ = {
			isa = XCBuildConfiguration;
			baseConfigurationReference = 4657F29B34FF929997AC8AD1 /* Pods-ConsciousChat.release.xcconfig */;
			buildSettings = {
				ASSETCATALOG_COMPILER_APPICON_NAME = AppIcon;
				CODE_SIGN_STYLE = Automatic;
				DEVELOPMENT_TEAM = HX59R66NCZ;
				INFOPLIST_FILE = ConsciousChat/Info.plist;
				LD_RUNPATH_SEARCH_PATHS = (
					"$(inherited)",
					"@executable_path/Frameworks",
				);
				PRODUCT_BUNDLE_IDENTIFIER = com.expresstacy.ConsciousChat;
				PRODUCT_NAME = "$(TARGET_NAME)";
				SWIFT_VERSION = 5.0;
				TARGETED_DEVICE_FAMILY = "1,2";
			};
			name = Release;
		};
/* End XCBuildConfiguration section */

/* Begin XCConfigurationList section */
		30DA052C25093C37004682FB /* Build configuration list for PBXProject "ConsciousChat" */ = {
			isa = XCConfigurationList;
			buildConfigurations = (
				30DA054325093C3A004682FB /* Debug */,
				30DA054425093C3A004682FB /* Release */,
			);
			defaultConfigurationIsVisible = 0;
			defaultConfigurationName = Release;
		};
		30DA054525093C3A004682FB /* Build configuration list for PBXNativeTarget "ConsciousChat" */ = {
			isa = XCConfigurationList;
			buildConfigurations = (
				30DA054625093C3A004682FB /* Debug */,
				30DA054725093C3A004682FB /* Release */,
			);
			defaultConfigurationIsVisible = 0;
			defaultConfigurationName = Release;
		};
/* End XCConfigurationList section */
	};
	rootObject = 30DA052925093C37004682FB /* Project object */;
}
